Microsoft Visual Studio Solution File, Format Version 12.00
# Visual Studio 2012
Project("{FAE04EC0-301F-11D3-BF4B-00C04F79EFBC}") = "State Machine wResCfg Demo", "State Machine wResCfg Demo.csproj", "{5F3F590D-1A2F-40BA-961C-5CC3FCFACF73}"
EndProject
Global
	GlobalSection(SolutionConfigurationPlatforms) = preSolution
	Debug|Any CPU = Debug|Any CPU
	ExportDebug|Any CPU = ExportDebug|Any CPU
	ExportRelease|Any CPU = ExportRelease|Any CPU
	EndGlobalSection
	GlobalSection(ProjectConfigurationPlatforms) = postSolution
		{5F3F590D-1A2F-40BA-961C-5CC3FCFACF73}.Debug|Any CPU.ActiveCfg = Debug|Any CPU
		{5F3F590D-1A2F-40BA-961C-5CC3FCFACF73}.Debug|Any CPU.Build.0 = Debug|Any CPU
		{5F3F590D-1A2F-40BA-961C-5CC3FCFACF73}.ExportDebug|Any CPU.ActiveCfg = ExportDebug|Any CPU
		{5F3F590D-1A2F-40BA-961C-5CC3FCFACF73}.ExportDebug|Any CPU.Build.0 = ExportDebug|Any CPU
		{5F3F590D-1A2F-40BA-961C-5CC3FCFACF73}.ExportRelease|Any CPU.ActiveCfg = ExportRelease|Any CPU
		{5F3F590D-1A2F-40BA-961C-5CC3FCFACF73}.ExportRelease|Any CPU.Build.0 = ExportRelease|Any CPU
	EndGlobalSection
EndGlobal
